
Microsoft Visual Studio Solution File, Format Version 12.00
# Visual Studio 15
VisualStudioVersion = 15.0.28010.2050
MinimumVisualStudioVersion = 10.0.40219.1
Project("{FAE04EC0-301F-11D3-BF4B-00C04F79EFBC}") = "WinStarter", "WinStarter\WinStarter.csproj", "{7299ECDC-D808-4757-A271-D154B3C57AF3}"
EndProject
Global
	GlobalSection(SolutionConfigurationPlatforms) = preSolution
		Debug|Any CPU = Debug|Any CPU
		Release|Any CPU = Release|Any CPU
	EndGlobalSection
	GlobalSection(ProjectConfigurationPlatforms) = postSolution
		{7299ECDC-D808-4757-A271-D154B3C57AF3}.Debug|Any CPU.ActiveCfg = Debug|Any CPU
		{7299ECDC-D808-4757-A271-D154B3C57AF3}.Debug|Any CPU.Build.0 = Debug|Any CPU
		{7299ECDC-D808-4757-A271-D154B3C57AF3}.Release|Any CPU.ActiveCfg = Release|Any CPU
		{7299ECDC-D808-4757-A271-D154B3C57AF3}.Release|Any CPU.Build.0 = Release|Any CPU
	EndGlobalSection
	GlobalSection(SolutionProperties) = preSolution
		HideSolutionNode = FALSE
	EndGlobalSection
	GlobalSection(ExtensibilityGlobals) = postSolution
		SolutionGuid = {A547481D-EAB4-4687-8E64-0D574CF077A7}
	EndGlobalSection
EndGlobal
